
Microsoft Visual Studio Solution File, Format Version 12.00
# Visual Studio 15
VisualStudioVersion = 15.0.28010.2016
MinimumVisualStudioVersion = 10.0.40219.1
Project("{FAE04EC0-301F-11D3-BF4B-00C04F79EFBC}") = "2018-10-01-b", "2018-10-01-b\2018-10-01-b.csproj", "{BF19C52C-B7AD-4997-8CA1-5E83C2A400B3}"
EndProject
Global
	GlobalSection(SolutionConfigurationPlatforms) = preSolution
		Debug|Any CPU = Debug|Any CPU
		Release|Any CPU = Release|Any CPU
	EndGlobalSection
	GlobalSection(ProjectConfigurationPlatforms) = postSolution
		{BF19C52C-B7AD-4997-8CA1-5E83C2A400B3}.Debug|Any CPU.ActiveCfg = Debug|Any CPU
		{BF19C52C-B7AD-4997-8CA1-5E83C2A400B3}.Debug|Any CPU.Build.0 = Debug|Any CPU
		{BF19C52C-B7AD-4997-8CA1-5E83C2A400B3}.Release|Any CPU.ActiveCfg = Release|Any CPU
		{BF19C52C-B7AD-4997-8CA1-5E83C2A400B3}.Release|Any CPU.Build.0 = Release|Any CPU
	EndGlobalSection
	GlobalSection(SolutionProperties) = preSolution
		HideSolutionNode = FALSE
	EndGlobalSection
	GlobalSection(ExtensibilityGlobals) = postSolution
		SolutionGuid = {B5D2BF50-6433-426C-8308-2AAA61A0ABA5}
	EndGlobalSection
EndGlobal
